# This file is automatically @generated by Cargo.
# It is not intended for manual editing.
version = 4

[[package]]
name = "libamdf"
version = "0.1.0"
dependencies = [
 "rocddi",
]

[[package]]
name = "libhsa"
version = "0.1.0"
dependencies = [
 "rocddi",
]

[[package]]
name = "rocddi"
version = "0.1.0"
